
Microsoft Visual Studio Solution File, Format Version 12.00
# Visual Studio Version 17
VisualStudioVersion = 17.1.32328.378
MinimumVisualStudioVersion = 10.0.40219.1
Project("{FAE04EC0-301F-11D3-BF4B-00C04F79EFBC}") = "HW_Array", "HW_Array\HW_Array.csproj", "{80306982-6071-49DB-823B-578A2C6AFDFD}"
EndProject
Global
	GlobalSection(SolutionConfigurationPlatforms) = preSolution
		Debug|Any CPU = Debug|Any CPU
		Release|Any CPU = Release|Any CPU
	EndGlobalSection
	GlobalSection(ProjectConfigurationPlatforms) = postSolution
		{80306982-6071-49DB-823B-578A2C6AFDFD}.Debug|Any CPU.ActiveCfg = Debug|Any CPU
		{80306982-6071-49DB-823B-578A2C6AFDFD}.Debug|Any CPU.Build.0 = Debug|Any CPU
		{80306982-6071-49DB-823B-578A2C6AFDFD}.Release|Any CPU.ActiveCfg = Release|Any CPU
		{80306982-6071-49DB-823B-578A2C6AFDFD}.Release|Any CPU.Build.0 = Release|Any CPU
	EndGlobalSection
	GlobalSection(SolutionProperties) = preSolution
		HideSolutionNode = FALSE
	EndGlobalSection
	GlobalSection(ExtensibilityGlobals) = postSolution
		SolutionGuid = {D57744CD-06E5-4286-B7BD-C83C09D83C48}
	EndGlobalSection
EndGlobal
